
Microsoft Visual Studio Solution File, Format Version 12.00
# Visual Studio 14
VisualStudioVersion = 14.0.25420.1
MinimumVisualStudioVersion = 10.0.40219.1
Project("{2150E333-8FDC-42A3-9474-1A3956D46DE8}") = "1 - Web", "1 - Web", "{968AC1DF-92B8-467C-AF9D-D305430A959E}"
EndProject
Project("{FAE04EC0-301F-11D3-BF4B-00C04F79EFBC}") = "CustomerManagerSystem.WEB", "CustomerManagerSystem.WEB\CustomerManagerSystem.WEB.csproj", "{14F4BBCF-0E65-4561-863E-66CCE5541D25}"
EndProject
Global
	GlobalSection(SolutionConfigurationPlatforms) = preSolution
		Debug|Any CPU = Debug|Any CPU
		Release|Any CPU = Release|Any CPU
	EndGlobalSection
	GlobalSection(ProjectConfigurationPlatforms) = postSolution
		{14F4BBCF-0E65-4561-863E-66CCE5541D25}.Debug|Any CPU.ActiveCfg = Debug|Any CPU
		{14F4BBCF-0E65-4561-863E-66CCE5541D25}.Debug|Any CPU.Build.0 = Debug|Any CPU
		{14F4BBCF-0E65-4561-863E-66CCE5541D25}.Release|Any CPU.ActiveCfg = Release|Any CPU
		{14F4BBCF-0E65-4561-863E-66CCE5541D25}.Release|Any CPU.Build.0 = Release|Any CPU
	EndGlobalSection
	GlobalSection(SolutionProperties) = preSolution
		HideSolutionNode = FALSE
	EndGlobalSection
	GlobalSection(NestedProjects) = preSolution
		{14F4BBCF-0E65-4561-863E-66CCE5541D25} = {968AC1DF-92B8-467C-AF9D-D305430A959E}
	EndGlobalSection
EndGlobal
